// !$*UTF8*$!
{
	archiveVersion = 1;
	classes = {
	};
	objectVersion = 56;
	objects = {

/* Begin PBXBuildFile section */
		1BCCDDDB2C7278D0008E70FD /* AnimalsApp.swift in Sources */ = {isa = PBXBuildFile; fileRef = 1BCCDDDA2C7278D0008E70FD /* AnimalsApp.swift */; };
		1BCCDDDD2C7278D0008E70FD /* ContentView.swift in Sources */ = {isa = PBXBuildFile; fileRef = 1BCCDDDC2C7278D0008E70FD /* ContentView.swift */; };
		1BCCDDDF2C7278D2008E70FD /* Assets.xcassets in Resources */ = {isa = PBXBuildFile; fileRef = 1BCCDDDE2C7278D2008E70FD /* Assets.xcassets */; };
		1BCCDDE22C7278D2008E70FD /* Preview Assets.xcassets in Resources */ = {isa = PBXBuildFile; fileRef = 1BCCDDE12C7278D2008E70FD /* Preview Assets.xcassets */; };
		1BCCDDEC2C7278D2008E70FD /* AnimalsTests.swift in Sources */ = {isa = PBXBuildFile; fileRef = 1BCCDDEB2C7278D2008E70FD /* AnimalsTests.swift */; };
		1BCCDDF62C7278D2008E70FD /* AnimalsUITests.swift in Sources */ = {isa = PBXBuildFile; fileRef = 1BCCDDF52C7278D2008E70FD /* AnimalsUITests.swift */; };
		1BCCDDF82C7278D2008E70FD /* AnimalsUITestsLaunchTests.swift in Sources */ = {isa = PBXBuildFile; fileRef = 1BCCDDF72C7278D2008E70FD /* AnimalsUITestsLaunchTests.swift */; };
		1BCCDE052C7278DF008E70FD /* AnimalZoo.swift in Sources */ = {isa = PBXBuildFile; fileRef = 1BCCDE042C7278DF008E70FD /* AnimalZoo.swift */; };
		1BCCDE072C72794B008E70FD /* AnimalRow.swift in Sources */ = {isa = PBXBuildFile; fileRef = 1BCCDE062C72794B008E70FD /* AnimalRow.swift */; };
		1BCCDE092C727A66008E70FD /* AnimalDetail.swift in Sources */ = {isa = PBXBuildFile; fileRef = 1BCCDE082C727A66008E70FD /* AnimalDetail.swift */; };
		1BCCDE0B2C727C62008E70FD /* DancingAnimals.swift in Sources */ = {isa = PBXBuildFile; fileRef = 1BCCDE0A2C727C62008E70FD /* DancingAnimals.swift */; };
		1BCCDE0D2C727E1D008E70FD /* AnimalZooExtension.swift in Sources */ = {isa = PBXBuildFile; fileRef = 1BCCDE0C2C727E1D008E70FD /* AnimalZooExtension.swift */; };
		1BCCDE0F2C72806F008E70FD /* AnimalEditor.swift in Sources */ = {isa = PBXBuildFile; fileRef = 1BCCDE0E2C72806F008E70FD /* AnimalEditor.swift */; };
		1BCCDE112C7281CD008E70FD /* ResizableFont.swift in Sources */ = {isa = PBXBuildFile; fileRef = 1BCCDE102C7281CD008E70FD /* ResizableFont.swift */; };
/* End PBXBuildFile section */

/* Begin PBXContainerItemProxy section */
		1BCCDDE82C7278D2008E70FD /* PBXContainerItemProxy */ = {
			isa = PBXContainerItemProxy;
			containerPortal = 1BCCDDCF2C7278D0008E70FD /* Project object */;
			proxyType = 1;
			remoteGlobalIDString = 1BCCDDD62C7278D0008E70FD;
			remoteInfo = Animals;
		};
		1BCCDDF22C7278D2008E70FD /* PBXContainerItemProxy */ = {
			isa = PBXContainerItemProxy;
			containerPortal = 1BCCDDCF2C7278D0008E70FD /* Project object */;
			proxyType = 1;
			remoteGlobalIDString = 1BCCDDD62C7278D0008E70FD;
			remoteInfo = Animals;
		};
/* End PBXContainerItemProxy section */

/* Begin PBXFileReference section */
		1BCCDDD72C7278D0008E70FD /* Animals.app */ = {isa = PBXFileReference; explicitFileType = wrapper.application; includeInIndex = 0; path = Animals.app; sourceTree = BUILT_PRODUCTS_DIR; };
		1BCCDDDA2C7278D0008E70FD /* AnimalsApp.swift */ = {isa = PBXFileReference; lastKnownFileType = sourcecode.swift; path = AnimalsApp.swift; sourceTree = "<group>"; };
		1BCCDDDC2C7278D0008E70FD /* ContentView.swift */ = {isa = PBXFileReference; lastKnownFileType = sourcecode.swift; path = ContentView.swift; sourceTree = "<group>"; };
		1BCCDDDE2C7278D2008E70FD /* Assets.xcassets */ = {isa = PBXFileReference; lastKnownFileType = folder.assetcatalog; path = Assets.xcassets; sourceTree = "<group>"; };
		1BCCDDE12C7278D2008E70FD /* Preview Assets.xcassets */ = {isa = PBXFileReference; lastKnownFileType = folder.assetcatalog; path = "Preview Assets.xcassets"; sourceTree = "<group>"; };
		1BCCDDE72C7278D2008E70FD /* AnimalsTests.xctest */ = {isa = PBXFileReference; explicitFileType = wrapper.cfbundle; includeInIndex = 0; path = AnimalsTests.xctest; sourceTree = BUILT_PRODUCTS_DIR; };
		1BCCDDEB2C7278D2008E70FD /* AnimalsTests.swift */ = {isa = PBXFileReference; lastKnownFileType = sourcecode.swift; path = AnimalsTests.swift; sourceTree = "<group>"; };
		1BCCDDF12C7278D2008E70FD /* AnimalsUITests.xctest */ = {isa = PBXFileReference; explicitFileType = wrapper.cfbundle; includeInIndex = 0; path = AnimalsUITests.xctest; sourceTree = BUILT_PRODUCTS_DIR; };
		1BCCDDF52C7278D2008E70FD /* AnimalsUITests.swift */ = {isa = PBXFileReference; lastKnownFileType = sourcecode.swift; path = AnimalsUITests.swift; sourceTree = "<group>"; };
		1BCCDDF72C7278D2008E70FD /* AnimalsUITestsLaunchTests.swift */ = {isa = PBXFileReference; lastKnownFileType = sourcecode.swift; path = AnimalsUITestsLaunchTests.swift; sourceTree = "<group>"; };
		1BCCDE042C7278DF008E70FD /* AnimalZoo.swift */ = {isa = PBXFileReference; lastKnownFileType = sourcecode.swift; path = AnimalZoo.swift; sourceTree = "<group>"; };
		1BCCDE062C72794B008E70FD /* AnimalRow.swift */ = {isa = PBXFileReference; lastKnownFileType = sourcecode.swift; path = AnimalRow.swift; sourceTree = "<group>"; };
		1BCCDE082C727A66008E70FD /* AnimalDetail.swift */ = {isa = PBXFileReference; lastKnownFileType = sourcecode.swift; path = AnimalDetail.swift; sourceTree = "<group>"; };
		1BCCDE0A2C727C62008E70FD /* DancingAnimals.swift */ = {isa = PBXFileReference; lastKnownFileType = sourcecode.swift; path = DancingAnimals.swift; sourceTree = "<group>"; };
		1BCCDE0C2C727E1D008E70FD /* AnimalZooExtension.swift */ = {isa = PBXFileReference; lastKnownFileType = sourcecode.swift; path = AnimalZooExtension.swift; sourceTree = "<group>"; };
		1BCCDE0E2C72806F008E70FD /* AnimalEditor.swift */ = {isa = PBXFileReference; lastKnownFileType = sourcecode.swift; path = AnimalEditor.swift; sourceTree = "<group>"; };
		1BCCDE102C7281CD008E70FD /* ResizableFont.swift */ = {isa = PBXFileReference; lastKnownFileType = sourcecode.swift; path = ResizableFont.swift; sourceTree = "<group>"; };
/* End PBXFileReference section */

/* Begin PBXFrameworksBuildPhase section */
		1BCCDDD42C7278D0008E70FD /* Frameworks */ = {
			isa = PBXFrameworksBuildPhase;
			buildActionMask = 2147483647;
			files = (
			);
			runOnlyForDeploymentPostprocessing = 0;
		};
		1BCCDDE42C7278D2008E70FD /* Frameworks */ = {
			isa = PBXFrameworksBuildPhase;
			buildActionMask = 2147483647;
			files = (
			);
			runOnlyForDeploymentPostprocessing = 0;
		};
		1BCCDDEE2C7278D2008E70FD /* Frameworks */ = {
			isa = PBXFrameworksBuildPhase;
			buildActionMask = 2147483647;
			files = (
			);
			runOnlyForDeploymentPostprocessing = 0;
		};
/* End PBXFrameworksBuildPhase section */

/* Begin PBXGroup section */
		1BCCDDCE2C7278D0008E70FD = {
			isa = PBXGroup;
			children = (
				1BCCDDD92C7278D0008E70FD /* Animals */,
				1BCCDDEA2C7278D2008E70FD /* AnimalsTests */,
				1BCCDDF42C7278D2008E70FD /* AnimalsUITests */,
				1BCCDDD82C7278D0008E70FD /* Products */,
			);
			sourceTree = "<group>";
		};
		1BCCDDD82C7278D0008E70FD /* Products */ = {
			isa = PBXGroup;
			children = (
				1BCCDDD72C7278D0008E70FD /* Animals.app */,
				1BCCDDE72C7278D2008E70FD /* AnimalsTests.xctest */,
				1BCCDDF12C7278D2008E70FD /* AnimalsUITests.xctest */,
			);
			name = Products;
			sourceTree = "<group>";
		};
		1BCCDDD92C7278D0008E70FD /* Animals */ = {
			isa = PBXGroup;
			children = (
				1BCCDDDA2C7278D0008E70FD /* AnimalsApp.swift */,
				1BCCDDDC2C7278D0008E70FD /* ContentView.swift */,
				1BCCDDDE2C7278D2008E70FD /* Assets.xcassets */,
				1BCCDDE02C7278D2008E70FD /* Preview Content */,
				1BCCDE042C7278DF008E70FD /* AnimalZoo.swift */,
				1BCCDE062C72794B008E70FD /* AnimalRow.swift */,
				1BCCDE082C727A66008E70FD /* AnimalDetail.swift */,
				1BCCDE0A2C727C62008E70FD /* DancingAnimals.swift */,
				1BCCDE0C2C727E1D008E70FD /* AnimalZooExtension.swift */,
				1BCCDE0E2C72806F008E70FD /* AnimalEditor.swift */,
				1BCCDE102C7281CD008E70FD /* ResizableFont.swift */,
			);
			path = Animals;
			sourceTree = "<group>";
		};
		1BCCDDE02C7278D2008E70FD /* Preview Content */ = {
			isa = PBXGroup;
			children = (
				1BCCDDE12C7278D2008E70FD /* Preview Assets.xcassets */,
			);
			path = "Preview Content";
			sourceTree = "<group>";
		};
		1BCCDDEA2C7278D2008E70FD /* AnimalsTests */ = {
			isa = PBXGroup;
			children = (
				1BCCDDEB2C7278D2008E70FD /* AnimalsTests.swift */,
			);
			path = AnimalsTests;
			sourceTree = "<group>";
		};
		1BCCDDF42C7278D2008E70FD /* AnimalsUITests */ = {
			isa = PBXGroup;
			children = (
				1BCCDDF52C7278D2008E70FD /* AnimalsUITests.swift */,
				1BCCDDF72C7278D2008E70FD /* AnimalsUITestsLaunchTests.swift */,
			);
			path = AnimalsUITests;
			sourceTree = "<group>";
		};
/* End PBXGroup section */

/* Begin PBXNativeTarget section */
		1BCCDDD62C7278D0008E70FD /* Animals */ = {
			isa = PBXNativeTarget;
			buildConfigurationList = 1BCCDDFB2C7278D2008E70FD /* Build configuration list for PBXNativeTarget "Animals" */;
			buildPhases = (
				1BCCDDD32C7278D0008E70FD /* Sources */,
				1BCCDDD42C7278D0008E70FD /* Frameworks */,
				1BCCDDD52C7278D0008E70FD /* Resources */,
			);
			buildRules = (
			);
			dependencies = (
			);
			name = Animals;
			productName = Animals;
			productReference = 1BCCDDD72C7278D0008E70FD /* Animals.app */;
			productType = "com.apple.product-type.application";
		};
		1BCCDDE62C7278D2008E70FD /* AnimalsTests */ = {
			isa = PBXNativeTarget;
			buildConfigurationList = 1BCCDDFE2C7278D2008E70FD /* Build configuration list for PBXNativeTarget "AnimalsTests" */;
			buildPhases = (
				1BCCDDE32C7278D2008E70FD /* Sources */,
				1BCCDDE42C7278D2008E70FD /* Frameworks */,
				1BCCDDE52C7278D2008E70FD /* Resources */,
			);
			buildRules = (
			);
			dependencies = (
				1BCCDDE92C7278D2008E70FD /* PBXTargetDependency */,
			);
			name = AnimalsTests;
			productName = AnimalsTests;
			productReference = 1BCCDDE72C7278D2008E70FD /* AnimalsTests.xctest */;
			productType = "com.apple.product-type.bundle.unit-test";
		};
		1BCCDDF02C7278D2008E70FD /* AnimalsUITests */ = {
			isa = PBXNativeTarget;
			buildConfigurationList = 1BCCDE012C7278D2008E70FD /* Build configuration list for PBXNativeTarget "AnimalsUITests" */;
			buildPhases = (
				1BCCDDED2C7278D2008E70FD /* Sources */,
				1BCCDDEE2C7278D2008E70FD /* Frameworks */,
				1BCCDDEF2C7278D2008E70FD /* Resources */,
			);
			buildRules = (
			);
			dependencies = (
				1BCCDDF32C7278D2008E70FD /* PBXTargetDependency */,
			);
			name = AnimalsUITests;
			productName = AnimalsUITests;
			productReference = 1BCCDDF12C7278D2008E70FD /* AnimalsUITests.xctest */;
			productType = "com.apple.product-type.bundle.ui-testing";
		};
/* End PBXNativeTarget section */

/* Begin PBXProject section */
		1BCCDDCF2C7278D0008E70FD /* Project object */ = {
			isa = PBXProject;
			attributes = {
				BuildIndependentTargetsInParallel = 1;
				LastSwiftUpdateCheck = 1540;
				LastUpgradeCheck = 1540;
				TargetAttributes = {
					1BCCDDD62C7278D0008E70FD = {
						CreatedOnToolsVersion = 15.4;
					};
					1BCCDDE62C7278D2008E70FD = {
						CreatedOnToolsVersion = 15.4;
						TestTargetID = 1BCCDDD62C7278D0008E70FD;
					};
					1BCCDDF02C7278D2008E70FD = {
						CreatedOnToolsVersion = 15.4;
						TestTargetID = 1BCCDDD62C7278D0008E70FD;
					};
				};
			};
			buildConfigurationList = 1BCCDDD22C7278D0008E70FD /* Build configuration list for PBXProject "Animals" */;
			compatibilityVersion = "Xcode 14.0";
			developmentRegion = en;
			hasScannedForEncodings = 0;
			knownRegions = (
				en,
				Base,
			);
			mainGroup = 1BCCDDCE2C7278D0008E70FD;
			productRefGroup = 1BCCDDD82C7278D0008E70FD /* Products */;
			projectDirPath = "";
			projectRoot = "";
			targets = (
				1BCCDDD62C7278D0008E70FD /* Animals */,
				1BCCDDE62C7278D2008E70FD /* AnimalsTests */,
				1BCCDDF02C7278D2008E70FD /* AnimalsUITests */,
			);
		};
/* End PBXProject section */

/* Begin PBXResourcesBuildPhase section */
		1BCCDDD52C7278D0008E70FD /* Resources */ = {
			isa = PBXResourcesBuildPhase;
			buildActionMask = 2147483647;
			files = (
				1BCCDDE22C7278D2008E70FD /* Preview Assets.xcassets in Resources */,
				1BCCDDDF2C7278D2008E70FD /* Assets.xcassets in Resources */,
			);
			runOnlyForDeploymentPostprocessing = 0;
		};
		1BCCDDE52C7278D2008E70FD /* Resources */ = {
			isa = PBXResourcesBuildPhase;
			buildActionMask = 2147483647;
			files = (
			);
			runOnlyForDeploymentPostprocessing = 0;
		};
		1BCCDDEF2C7278D2008E70FD /* Resources */ = {
			isa = PBXResourcesBuildPhase;
			buildActionMask = 2147483647;
			files = (
			);
			runOnlyForDeploymentPostprocessing = 0;
		};
/* End PBXResourcesBuildPhase section */

/* Begin PBXSourcesBuildPhase section */
		1BCCDDD32C7278D0008E70FD /* Sources */ = {
			isa = PBXSourcesBuildPhase;
			buildActionMask = 2147483647;
			files = (
				1BCCDE052C7278DF008E70FD /* AnimalZoo.swift in Sources */,
				1BCCDE072C72794B008E70FD /* AnimalRow.swift in Sources */,
				1BCCDE0B2C727C62008E70FD /* DancingAnimals.swift in Sources */,
				1BCCDE092C727A66008E70FD /* AnimalDetail.swift in Sources */,
				1BCCDE112C7281CD008E70FD /* ResizableFont.swift in Sources */,
				1BCCDDDD2C7278D0008E70FD /* ContentView.swift in Sources */,
				1BCCDE0D2C727E1D008E70FD /* AnimalZooExtension.swift in Sources */,
				1BCCDE0F2C72806F008E70FD /* AnimalEditor.swift in Sources */,
				1BCCDDDB2C7278D0008E70FD /* AnimalsApp.swift in Sources */,
			);
			runOnlyForDeploymentPostprocessing = 0;
		};
		1BCCDDE32C7278D2008E70FD /* Sources */ = {
			isa = PBXSourcesBuildPhase;
			buildActionMask = 2147483647;
			files = (
				1BCCDDEC2C7278D2008E70FD /* AnimalsTests.swift in Sources */,
			);
			runOnlyForDeploymentPostprocessing = 0;
		};
		1BCCDDED2C7278D2008E70FD /* Sources */ = {
			isa = PBXSourcesBuildPhase;
			buildActionMask = 2147483647;
			files = (
				1BCCDDF82C7278D2008E70FD /* AnimalsUITestsLaunchTests.swift in Sources */,
				1BCCDDF62C7278D2008E70FD /* AnimalsUITests.swift in Sources */,
			);
			runOnlyForDeploymentPostprocessing = 0;
		};
/* End PBXSourcesBuildPhase section */

/* Begin PBXTargetDependency section */
		1BCCDDE92C7278D2008E70FD /* PBXTargetDependency */ = {
			isa = PBXTargetDependency;
			target = 1BCCDDD62C7278D0008E70FD /* Animals */;
			targetProxy = 1BCCDDE82C7278D2008E70FD /* PBXContainerItemProxy */;
		};
		1BCCDDF32C7278D2008E70FD /* PBXTargetDependency */ = {
			isa = PBXTargetDependency;
			target = 1BCCDDD62C7278D0008E70FD /* Animals */;
			targetProxy = 1BCCDDF22C7278D2008E70FD /* PBXContainerItemProxy */;
		};
/* End PBXTargetDependency section */

/* Begin XCBuildConfiguration section */
		1BCCDDF92C7278D2008E70FD /* Debug */ = {
			isa = XCBuildConfiguration;
			buildSettings = {
				ALWAYS_SEARCH_USER_PATHS = NO;
				ASSETCATALOG_COMPILER_GENERATE_SWIFT_ASSET_SYMBOL_EXTENSIONS = YES;
				CLANG_ANALYZER_NONNULL = YES;
				CLANG_ANALYZER_NUMBER_OBJECT_CONVERSION = YES_AGGRESSIVE;
				CLANG_CXX_LANGUAGE_STANDARD = "gnu++20";
				CLANG_ENABLE_MODULES = YES;
				CLANG_ENABLE_OBJC_ARC = YES;
				CLANG_ENABLE_OBJC_WEAK = YES;
				CLANG_WARN_BLOCK_CAPTURE_AUTORELEASING = YES;
				CLANG_WARN_BOOL_CONVERSION = YES;
				CLANG_WARN_COMMA = YES;
				CLANG_WARN_CONSTANT_CONVERSION = YES;
				CLANG_WARN_DEPRECATED_OBJC_IMPLEMENTATIONS = YES;
				CLANG_WARN_DIRECT_OBJC_ISA_USAGE = YES_ERROR;
				CLANG_WARN_DOCUMENTATION_COMMENTS = YES;
				CLANG_WARN_EMPTY_BODY = YES;
				CLANG_WARN_ENUM_CONVERSION = YES;
				CLANG_WARN_INFINITE_RECURSION = YES;
				CLANG_WARN_INT_CONVERSION = YES;
				CLANG_WARN_NON_LITERAL_NULL_CONVERSION = YES;
				CLANG_WARN_OBJC_IMPLICIT_RETAIN_SELF = YES;
				CLANG_WARN_OBJC_LITERAL_CONVERSION = YES;
				CLANG_WARN_OBJC_ROOT_CLASS = YES_ERROR;
				CLANG_WARN_QUOTED_INCLUDE_IN_FRAMEWORK_HEADER = YES;
				CLANG_WARN_RANGE_LOOP_ANALYSIS = YES;
				CLANG_WARN_STRICT_PROTOTYPES = YES;
				CLANG_WARN_SUSPICIOUS_MOVE = YES;
				CLANG_WARN_UNGUARDED_AVAILABILITY = YES_AGGRESSIVE;
				CLANG_WARN_UNREACHABLE_CODE = YES;
				CLANG_WARN__DUPLICATE_METHOD_MATCH = YES;
				COPY_PHASE_STRIP = NO;
				DEBUG_INFORMATION_FORMAT = dwarf;
				ENABLE_STRICT_OBJC_MSGSEND = YES;
				ENABLE_TESTABILITY = YES;
				ENABLE_USER_SCRIPT_SANDBOXING = YES;
				GCC_C_LANGUAGE_STANDARD = gnu17;
				GCC_DYNAMIC_NO_PIC = NO;
				GCC_NO_COMMON_BLOCKS = YES;
				GCC_OPTIMIZATION_LEVEL = 0;
				GCC_PREPROCESSOR_DEFINITIONS = (
					"DEBUG=1",
					"$(inherited)",
				);
				GCC_WARN_64_TO_32_BIT_CONVERSION = YES;
				GCC_WARN_ABOUT_RETURN_TYPE = YES_ERROR;
				GCC_WARN_UNDECLARED_SELECTOR = YES;
				GCC_WARN_UNINITIALIZED_AUTOS = YES_AGGRESSIVE;
				GCC_WARN_UNUSED_FUNCTION = YES;
				GCC_WARN_UNUSED_VARIABLE = YES;
				IPHONEOS_DEPLOYMENT_TARGET = 17.5;
				LOCALIZATION_PREFERS_STRING_CATALOGS = YES;
				MTL_ENABLE_DEBUG_INFO = INCLUDE_SOURCE;
				MTL_FAST_MATH = YES;
				ONLY_ACTIVE_ARCH = YES;
				SDKROOT = iphoneos;
				SWIFT_ACTIVE_COMPILATION_CONDITIONS = "DEBUG $(inherited)";
				SWIFT_OPTIMIZATION_LEVEL = "-Onone";
			};
			name = Debug;
		};
		1BCCDDFA2C7278D2008E70FD /* Release */ = {
			isa = XCBuildConfiguration;
			buildSettings = {
				ALWAYS_SEARCH_USER_PATHS = NO;
				ASSETCATALOG_COMPILER_GENERATE_SWIFT_ASSET_SYMBOL_EXTENSIONS = YES;
				CLANG_ANALYZER_NONNULL = YES;
				CLANG_ANALYZER_NUMBER_OBJECT_CONVERSION = YES_AGGRESSIVE;
				CLANG_CXX_LANGUAGE_STANDARD = "gnu++20";
				CLANG_ENABLE_MODULES = YES;
				CLANG_ENABLE_OBJC_ARC = YES;
				CLANG_ENABLE_OBJC_WEAK = YES;
				CLANG_WARN_BLOCK_CAPTURE_AUTORELEASING = YES;
				CLANG_WARN_BOOL_CONVERSION = YES;
				CLANG_WARN_COMMA = YES;
				CLANG_WARN_CONSTANT_CONVERSION = YES;
				CLANG_WARN_DEPRECATED_OBJC_IMPLEMENTATIONS = YES;
				CLANG_WARN_DIRECT_OBJC_ISA_USAGE = YES_ERROR;
				CLANG_WARN_DOCUMENTATION_COMMENTS = YES;
				CLANG_WARN_EMPTY_BODY = YES;
				CLANG_WARN_ENUM_CONVERSION = YES;
				CLANG_WARN_INFINITE_RECURSION = YES;
				CLANG_WARN_INT_CONVERSION = YES;
				CLANG_WARN_NON_LITERAL_NULL_CONVERSION = YES;
				CLANG_WARN_OBJC_IMPLICIT_RETAIN_SELF = YES;
				CLANG_WARN_OBJC_LITERAL_CONVERSION = YES;
				CLANG_WARN_OBJC_ROOT_CLASS = YES_ERROR;
				CLANG_WARN_QUOTED_INCLUDE_IN_FRAMEWORK_HEADER = YES;
				CLANG_WARN_RANGE_LOOP_ANALYSIS = YES;
				CLANG_WARN_STRICT_PROTOTYPES = YES;
				CLANG_WARN_SUSPICIOUS_MOVE = YES;
				CLANG_WARN_UNGUARDED_AVAILABILITY = YES_AGGRESSIVE;
				CLANG_WARN_UNREACHABLE_CODE = YES;
				CLANG_WARN__DUPLICATE_METHOD_MATCH = YES;
				COPY_PHASE_STRIP = NO;
				DEBUG_INFORMATION_FORMAT = "dwarf-with-dsym";
				ENABLE_NS_ASSERTIONS = NO;
				ENABLE_STRICT_OBJC_MSGSEND = YES;
				ENABLE_USER_SCRIPT_SANDBOXING = YES;
				GCC_C_LANGUAGE_STANDARD = gnu17;
				GCC_NO_COMMON_BLOCKS = YES;
				GCC_WARN_64_TO_32_BIT_CONVERSION = YES;
				GCC_WARN_ABOUT_RETURN_TYPE = YES_ERROR;
				GCC_WARN_UNDECLARED_SELECTOR = YES;
				GCC_WARN_UNINITIALIZED_AUTOS = YES_AGGRESSIVE;
				GCC_WARN_UNUSED_FUNCTION = YES;
				GCC_WARN_UNUSED_VARIABLE = YES;
				IPHONEOS_DEPLOYMENT_TARGET = 17.5;
				LOCALIZATION_PREFERS_STRING_CATALOGS = YES;
				MTL_ENABLE_DEBUG_INFO = NO;
				MTL_FAST_MATH = YES;
				SDKROOT = iphoneos;
				SWIFT_COMPILATION_MODE = wholemodule;
				VALIDATE_PRODUCT = YES;
			};
			name = Release;
		};
		1BCCDDFC2C7278D2008E70FD /* Debug */ = {
			isa = XCBuildConfiguration;
			buildSettings = {
				ASSETCATALOG_COMPILER_APPICON_NAME = AppIcon;
				ASSETCATALOG_COMPILER_GLOBAL_ACCENT_COLOR_NAME = AccentColor;
				CODE_SIGN_STYLE = Automatic;
				CURRENT_PROJECT_VERSION = 1;
				DEVELOPMENT_ASSET_PATHS = "\"Animals/Preview Content\"";
				DEVELOPMENT_TEAM = MF93UB6QP8;
				ENABLE_PREVIEWS = YES;
				GENERATE_INFOPLIST_FILE = YES;
				INFOPLIST_KEY_UIApplicationSceneManifest_Generation = YES;
				INFOPLIST_KEY_UIApplicationSupportsIndirectInputEvents = YES;
				INFOPLIST_KEY_UILaunchScreen_Generation = YES;
				INFOPLIST_KEY_UISupportedInterfaceOrientations_iPad = "UIInterfaceOrientationPortrait UIInterfaceOrientationPortraitUpsideDown UIInterfaceOrientationLandscapeLeft UIInterfaceOrientationLandscapeRight";
				INFOPLIST_KEY_UISupportedInterfaceOrientations_iPhone = "UIInterfaceOrientationPortrait UIInterfaceOrientationLandscapeLeft UIInterfaceOrientationLandscapeRight";
				LD_RUNPATH_SEARCH_PATHS = (
					"$(inherited)",
					"@executable_path/Frameworks",
				);
				MARKETING_VERSION = 1.0;
				PRODUCT_BUNDLE_IDENTIFIER = com.ibrahimaykutbas.Animals;
				PRODUCT_NAME = "$(TARGET_NAME)";
				SWIFT_EMIT_LOC_STRINGS = YES;
				SWIFT_VERSION = 5.0;
				TARGETED_DEVICE_FAMILY = "1,2";
			};
			name = Debug;
		};
		1BCCDDFD2C7278D2008E70FD /* Release */ = {
			isa = XCBuildConfiguration;
			buildSettings = {
				ASSETCATALOG_COMPILER_APPICON_NAME = AppIcon;
				ASSETCATALOG_COMPILER_GLOBAL_ACCENT_COLOR_NAME = AccentColor;
				CODE_SIGN_STYLE = Automatic;
				CURRENT_PROJECT_VERSION = 1;
				DEVELOPMENT_ASSET_PATHS = "\"Animals/Preview Content\"";
				DEVELOPMENT_TEAM = MF93UB6QP8;
				ENABLE_PREVIEWS = YES;
				GENERATE_INFOPLIST_FILE = YES;
				INFOPLIST_KEY_UIApplicationSceneManifest_Generation = YES;
				INFOPLIST_KEY_UIApplicationSupportsIndirectInputEvents = YES;
				INFOPLIST_KEY_UILaunchScreen_Generation = YES;
				INFOPLIST_KEY_UISupportedInterfaceOrientations_iPad = "UIInterfaceOrientationPortrait UIInterfaceOrientationPortraitUpsideDown UIInterfaceOrientationLandscapeLeft UIInterfaceOrientationLandscapeRight";
				INFOPLIST_KEY_UISupportedInterfaceOrientations_iPhone = "UIInterfaceOrientationPortrait UIInterfaceOrientationLandscapeLeft UIInterfaceOrientationLandscapeRight";
				LD_RUNPATH_SEARCH_PATHS = (
					"$(inherited)",
					"@executable_path/Frameworks",
				);
				MARKETING_VERSION = 1.0;
				PRODUCT_BUNDLE_IDENTIFIER = com.ibrahimaykutbas.Animals;
				PRODUCT_NAME = "$(TARGET_NAME)";
				SWIFT_EMIT_LOC_STRINGS = YES;
				SWIFT_VERSION = 5.0;
				TARGETED_DEVICE_FAMILY = "1,2";
			};
			name = Release;
		};
		1BCCDDFF2C7278D2008E70FD /* Debug */ = {
			isa = XCBuildConfiguration;
			buildSettings = {
				ALWAYS_EMBED_SWIFT_STANDARD_LIBRARIES = YES;
				BUNDLE_LOADER = "$(TEST_HOST)";
				CODE_SIGN_STYLE = Automatic;
				CURRENT_PROJECT_VERSION = 1;
				DEVELOPMENT_TEAM = MF93UB6QP8;
				GENERATE_INFOPLIST_FILE = YES;
				IPHONEOS_DEPLOYMENT_TARGET = 17.5;
				MARKETING_VERSION = 1.0;
				PRODUCT_BUNDLE_IDENTIFIER = com.ibrahimaykutbas.AnimalsTests;
				PRODUCT_NAME = "$(TARGET_NAME)";
				SWIFT_EMIT_LOC_STRINGS = NO;
				SWIFT_VERSION = 5.0;
				TARGETED_DEVICE_FAMILY = "1,2";
				TEST_HOST = "$(BUILT_PRODUCTS_DIR)/Animals.app/$(BUNDLE_EXECUTABLE_FOLDER_PATH)/Animals";
			};
			name = Debug;
		};
		1BCCDE002C7278D2008E70FD /* Release */ = {
			isa = XCBuildConfiguration;
			buildSettings = {
				ALWAYS_EMBED_SWIFT_STANDARD_LIBRARIES = YES;
				BUNDLE_LOADER = "$(TEST_HOST)";
				CODE_SIGN_STYLE = Automatic;
				CURRENT_PROJECT_VERSION = 1;
				DEVELOPMENT_TEAM = MF93UB6QP8;
				GENERATE_INFOPLIST_FILE = YES;
				IPHONEOS_DEPLOYMENT_TARGET = 17.5;
				MARKETING_VERSION = 1.0;
				PRODUCT_BUNDLE_IDENTIFIER = com.ibrahimaykutbas.AnimalsTests;
				PRODUCT_NAME = "$(TARGET_NAME)";
				SWIFT_EMIT_LOC_STRINGS = NO;
				SWIFT_VERSION = 5.0;
				TARGETED_DEVICE_FAMILY = "1,2";
				TEST_HOST = "$(BUILT_PRODUCTS_DIR)/Animals.app/$(BUNDLE_EXECUTABLE_FOLDER_PATH)/Animals";
			};
			name = Release;
		};
		1BCCDE022C7278D2008E70FD /* Debug */ = {
			isa = XCBuildConfiguration;
			buildSettings = {
				ALWAYS_EMBED_SWIFT_STANDARD_LIBRARIES = YES;
				CODE_SIGN_STYLE = Automatic;
				CURRENT_PROJECT_VERSION = 1;
				DEVELOPMENT_TEAM = MF93UB6QP8;
				GENERATE_INFOPLIST_FILE = YES;
				MARKETING_VERSION = 1.0;
				PRODUCT_BUNDLE_IDENTIFIER = com.ibrahimaykutbas.AnimalsUITests;
				PRODUCT_NAME = "$(TARGET_NAME)";
				SWIFT_EMIT_LOC_STRINGS = NO;
				SWIFT_VERSION = 5.0;
				TARGETED_DEVICE_FAMILY = "1,2";
				TEST_TARGET_NAME = Animals;
			};
			name = Debug;
		};
		1BCCDE032C7278D2008E70FD /* Release */ = {
			isa = XCBuildConfiguration;
			buildSettings = {
				ALWAYS_EMBED_SWIFT_STANDARD_LIBRARIES = YES;
				CODE_SIGN_STYLE = Automatic;
				CURRENT_PROJECT_VERSION = 1;
				DEVELOPMENT_TEAM = MF93UB6QP8;
				GENERATE_INFOPLIST_FILE = YES;
				MARKETING_VERSION = 1.0;
				PRODUCT_BUNDLE_IDENTIFIER = com.ibrahimaykutbas.AnimalsUITests;
				PRODUCT_NAME = "$(TARGET_NAME)";
				SWIFT_EMIT_LOC_STRINGS = NO;
				SWIFT_VERSION = 5.0;
				TARGETED_DEVICE_FAMILY = "1,2";
				TEST_TARGET_NAME = Animals;
			};
			name = Release;
		};
/* End XCBuildConfiguration section */

/* Begin XCConfigurationList section */
		1BCCDDD22C7278D0008E70FD /* Build configuration list for PBXProject "Animals" */ = {
			isa = XCConfigurationList;
			buildConfigurations = (
				1BCCDDF92C7278D2008E70FD /* Debug */,
				1BCCDDFA2C7278D2008E70FD /* Release */,
			);
			defaultConfigurationIsVisible = 0;
			defaultConfigurationName = Release;
		};
		1BCCDDFB2C7278D2008E70FD /* Build configuration list for PBXNativeTarget "Animals" */ = {
			isa = XCConfigurationList;
			buildConfigurations = (
				1BCCDDFC2C7278D2008E70FD /* Debug */,
				1BCCDDFD2C7278D2008E70FD /* Release */,
			);
			defaultConfigurationIsVisible = 0;
			defaultConfigurationName = Release;
		};
		1BCCDDFE2C7278D2008E70FD /* Build configuration list for PBXNativeTarget "AnimalsTests" */ = {
			isa = XCConfigurationList;
			buildConfigurations = (
				1BCCDDFF2C7278D2008E70FD /* Debug */,
				1BCCDE002C7278D2008E70FD /* Release */,
			);
			defaultConfigurationIsVisible = 0;
			defaultConfigurationName = Release;
		};
		1BCCDE012C7278D2008E70FD /* Build configuration list for PBXNativeTarget "AnimalsUITests" */ = {
			isa = XCConfigurationList;
			buildConfigurations = (
				1BCCDE022C7278D2008E70FD /* Debug */,
				1BCCDE032C7278D2008E70FD /* Release */,
			);
			defaultConfigurationIsVisible = 0;
			defaultConfigurationName = Release;
		};
/* End XCConfigurationList section */
	};
	rootObject = 1BCCDDCF2C7278D0008E70FD /* Project object */;
}
